# Generated by Dagger. Pins the images and git refs this workspace uses.
# Any Dagger command may update this file; always commit it with your changes.
# Run `dagger lock update` to refresh the pinned versions.
[["version","2"]]
["","git-latest",["github.com/dagger/go-sdk"],"refs/tags/v1.1.0"]
["","git-latest",["github.com/dagger/sdk-helpers",["version","v1"]],"refs/tags/v1.0.5"]
["","git-latest",["github.com/shykes/daggerverse",["tagPrefix","hello"],["version","v0.3.0"]],"refs/tags/hello/v0.3.0"]
["","git-sha",["github.com/dagger/go-sdk","refs/tags/v1.1.0"],"2fa6a872760d2e2a33b612f1737ca5099d71ad0d"]
["","git-sha",["github.com/dagger/sdk-helpers","refs/tags/v1.0.5"],"2d593321b19e3519584b1bbd6e77d83b2be9de2f"]
["","git-sha",["github.com/shykes/daggerverse","refs/tags/hello/v0.3.0"],"54d86c6002d954167796e41886a47c47d95a626d"]
["","oci-sha",["docker.io/library/alpine:3.22.1"],"sha256:4bcff63911fcb4448bd4fdacec207030997caf25e9bea4045fa6c8c44de311d1"]
["","oci-sha",["docker.io/library/golang:1.25-alpine"],"sha256:1ae0735f00daffa3aaf1363a5184c0d2dc55c78e3db4ec70241cdac97bf84b59"]
["","oci-sha",["quay.io/terraform-docs/terraform-docs:latest"],"sha256:37329e2dc2518e7f719a986a3954b10771c3fe000f50f83fd4d98d489df2eae2"]
["","vanity-url",["https://dagger.io/sdk/go"],"https://github.com/dagger/go-sdk"]
["","vanity-url",["https://dagger.io/sdk/helpers"],"https://github.com/dagger/sdk-helpers"]